
Microsoft Visual Studio Solution File, Format Version 12.00
# Visual Studio 15
VisualStudioVersion = 15.0.28010.2046
MinimumVisualStudioVersion = 10.0.40219.1
Project("{FAE04EC0-301F-11D3-BF4B-00C04F79EFBC}") = "PredictiveApp", "PredictiveApp\PredictiveApp.csproj", "{061EFEC3-D244-470C-A4C7-440785D094D3}"
EndProject
Global
	GlobalSection(SolutionConfigurationPlatforms) = preSolution
		Debug|Any CPU = Debug|Any CPU
		Release|Any CPU = Release|Any CPU
	EndGlobalSection
	GlobalSection(ProjectConfigurationPlatforms) = postSolution
		{061EFEC3-D244-470C-A4C7-440785D094D3}.Debug|Any CPU.ActiveCfg = Debug|Any CPU
		{061EFEC3-D244-470C-A4C7-440785D094D3}.Debug|Any CPU.Build.0 = Debug|Any CPU
		{061EFEC3-D244-470C-A4C7-440785D094D3}.Release|Any CPU.ActiveCfg = Release|Any CPU
		{061EFEC3-D244-470C-A4C7-440785D094D3}.Release|Any CPU.Build.0 = Release|Any CPU
	EndGlobalSection
	GlobalSection(SolutionProperties) = preSolution
		HideSolutionNode = FALSE
	EndGlobalSection
	GlobalSection(ExtensibilityGlobals) = postSolution
		SolutionGuid = {CFE7AE11-D834-4304-9128-7004E1D45AC5}
	EndGlobalSection
EndGlobal
